
Microsoft Visual Studio Solution File, Format Version 12.00
# Visual Studio Version 16
VisualStudioVersion = 16.0.29009.5
MinimumVisualStudioVersion = 10.0.40219.1
Project("{FAE04EC0-301F-11D3-BF4B-00C04F79EFBC}") = "Prob1", "Prob1\Prob1.csproj", "{A085AFD1-4B91-4DBA-BDCA-32FB5C11B308}"
EndProject
Global
	GlobalSection(SolutionConfigurationPlatforms) = preSolution
		Debug|Any CPU = Debug|Any CPU
		Release|Any CPU = Release|Any CPU
	EndGlobalSection
	GlobalSection(ProjectConfigurationPlatforms) = postSolution
		{A085AFD1-4B91-4DBA-BDCA-32FB5C11B308}.Debug|Any CPU.ActiveCfg = Debug|Any CPU
		{A085AFD1-4B91-4DBA-BDCA-32FB5C11B308}.Debug|Any CPU.Build.0 = Debug|Any CPU
		{A085AFD1-4B91-4DBA-BDCA-32FB5C11B308}.Release|Any CPU.ActiveCfg = Release|Any CPU
		{A085AFD1-4B91-4DBA-BDCA-32FB5C11B308}.Release|Any CPU.Build.0 = Release|Any CPU
	EndGlobalSection
	GlobalSection(SolutionProperties) = preSolution
		HideSolutionNode = FALSE
	EndGlobalSection
	GlobalSection(ExtensibilityGlobals) = postSolution
		SolutionGuid = {45D76530-73AB-44CE-9059-0526917D4277}
	EndGlobalSection
EndGlobal
